
Microsoft Visual Studio Solution File, Format Version 12.00
# Visual Studio Version 17
VisualStudioVersion = 17.0.31423.177
MinimumVisualStudioVersion = 10.0.40219.1
Project("{9A19103F-16F7-4668-BE54-9A1E7A4F7556}") = "CODE.Framework.Wpf", "CODE.Framework.Wpf\CODE.Framework.Wpf.csproj", "{B2674B0F-50A1-4929-8580-27428F4047D6}"
EndProject
Project("{9A19103F-16F7-4668-BE54-9A1E7A4F7556}") = "CODE.Framework.Wpf.Mvvm", "CODE.Framework.Wpf.Mvvm\CODE.Framework.Wpf.Mvvm.csproj", "{C12E6DC6-1F60-457B-AA49-419E220C7A17}"
EndProject
Project("{9A19103F-16F7-4668-BE54-9A1E7A4F7556}") = "CODE.Framework.Wpf.Theme.Battleship", "CODE.Framework.Wpf.Theme.Battleship\CODE.Framework.Wpf.Theme.Battleship.csproj", "{5F6D0FED-B6EC-4166-B8DA-DE99293C89D9}"
EndProject
Project("{9A19103F-16F7-4668-BE54-9A1E7A4F7556}") = "CODE.Framework.Wpf.Theme.Geek", "CODE.Framework.Wpf.Theme.Geek\CODE.Framework.Wpf.Theme.Geek.csproj", "{5F6D0FED-B6EC-4166-B8DA-DE99293C89A9}"
EndProject
Project("{9A19103F-16F7-4668-BE54-9A1E7A4F7556}") = "CODE.Framework.Wpf.Theme.Metro", "CODE.Framework.Wpf.Theme.Metro\CODE.Framework.Wpf.Theme.Metro.csproj", "{C4A299ED-E76E-4CAB-BBEF-43447016BB5C}"
EndProject
Project("{9A19103F-16F7-4668-BE54-9A1E7A4F7556}") = "CODE.Framework.Wpf.Theme.Universe", "CODE.Framework.Wpf.Theme.Universe\CODE.Framework.Wpf.Theme.Universe.csproj", "{1FD5A3F9-DB4C-4873-81FE-151B052FE8AA}"
EndProject
Project("{FAE04EC0-301F-11D3-BF4B-00C04F79EFBC}") = "CODE.Framework.Wpf.Theme.Vapor", "CODE.Framework.Wpf.Theme.Vapor\CODE.Framework.Wpf.Theme.Vapor.csproj", "{E98D4373-C123-4F83-84F9-5F242B26DBFC}"
EndProject
Project("{FAE04EC0-301F-11D3-BF4B-00C04F79EFBC}") = "CODE.Framework.Wpf.Theme.Wildcat", "CODE.Framework.Wpf.Theme.Wildcat\CODE.Framework.Wpf.Theme.Wildcat.csproj", "{3C6E444B-A1DB-462A-A347-652792EDF9D1}"
EndProject
Project("{FAE04EC0-301F-11D3-BF4B-00C04F79EFBC}") = "CODE.Framework.Wpf.Theme.Worlplace", "CODE.Framework.Wpf.Theme.Worlplace\CODE.Framework.Wpf.Theme.Worlplace.csproj", "{DB152B55-DB19-4ACD-991D-CBA243F24835}"
EndProject
Project("{FAE04EC0-301F-11D3-BF4B-00C04F79EFBC}") = "CODE.Framework.Wpf.Documents", "CODE.Framework.Wpf.Documents\CODE.Framework.Wpf.Documents.csproj", "{80D8D26D-314C-42C4-A562-1C1886E85DF7}"
EndProject
Global
	GlobalSection(SolutionConfigurationPlatforms) = preSolution
		Debug|Any CPU = Debug|Any CPU
		Release|Any CPU = Release|Any CPU
	EndGlobalSection
	GlobalSection(ProjectConfigurationPlatforms) = postSolution
		{B2674B0F-50A1-4929-8580-27428F4047D6}.Debug|Any CPU.ActiveCfg = Debug|Any CPU
		{B2674B0F-50A1-4929-8580-27428F4047D6}.Debug|Any CPU.Build.0 = Debug|Any CPU
		{B2674B0F-50A1-4929-8580-27428F4047D6}.Release|Any CPU.ActiveCfg = Release|Any CPU
		{B2674B0F-50A1-4929-8580-27428F4047D6}.Release|Any CPU.Build.0 = Release|Any CPU
		{C12E6DC6-1F60-457B-AA49-419E220C7A17}.Debug|Any CPU.ActiveCfg = Debug|Any CPU
		{C12E6DC6-1F60-457B-AA49-419E220C7A17}.Debug|Any CPU.Build.0 = Debug|Any CPU
		{C12E6DC6-1F60-457B-AA49-419E220C7A17}.Release|Any CPU.ActiveCfg = Release|Any CPU
		{C12E6DC6-1F60-457B-AA49-419E220C7A17}.Release|Any CPU.Build.0 = Release|Any CPU
		{5F6D0FED-B6EC-4166-B8DA-DE99293C89D9}.Debug|Any CPU.ActiveCfg = Debug|Any CPU
		{5F6D0FED-B6EC-4166-B8DA-DE99293C89D9}.Debug|Any CPU.Build.0 = Debug|Any CPU
		{5F6D0FED-B6EC-4166-B8DA-DE99293C89D9}.Release|Any CPU.ActiveCfg = Release|Any CPU
		{5F6D0FED-B6EC-4166-B8DA-DE99293C89D9}.Release|Any CPU.Build.0 = Release|Any CPU
		{5F6D0FED-B6EC-4166-B8DA-DE99293C89A9}.Debug|Any CPU.ActiveCfg = Debug|Any CPU
		{5F6D0FED-B6EC-4166-B8DA-DE99293C89A9}.Debug|Any CPU.Build.0 = Debug|Any CPU
		{5F6D0FED-B6EC-4166-B8DA-DE99293C89A9}.Release|Any CPU.ActiveCfg = Release|Any CPU
		{5F6D0FED-B6EC-4166-B8DA-DE99293C89A9}.Release|Any CPU.Build.0 = Release|Any CPU
		{C4A299ED-E76E-4CAB-BBEF-43447016BB5C}.Debug|Any CPU.ActiveCfg = Debug|Any CPU
		{C4A299ED-E76E-4CAB-BBEF-43447016BB5C}.Debug|Any CPU.Build.0 = Debug|Any CPU
		{C4A299ED-E76E-4CAB-BBEF-43447016BB5C}.Release|Any CPU.ActiveCfg = Release|Any CPU
		{C4A299ED-E76E-4CAB-BBEF-43447016BB5C}.Release|Any CPU.Build.0 = Release|Any CPU
		{1FD5A3F9-DB4C-4873-81FE-151B052FE8AA}.Debug|Any CPU.ActiveCfg = Debug|Any CPU
		{1FD5A3F9-DB4C-4873-81FE-151B052FE8AA}.Debug|Any CPU.Build.0 = Debug|Any CPU
		{1FD5A3F9-DB4C-4873-81FE-151B052FE8AA}.Release|Any CPU.ActiveCfg = Release|Any CPU
		{1FD5A3F9-DB4C-4873-81FE-151B052FE8AA}.Release|Any CPU.Build.0 = Release|Any CPU
		{E98D4373-C123-4F83-84F9-5F242B26DBFC}.Debug|Any CPU.ActiveCfg = Debug|Any CPU
		{E98D4373-C123-4F83-84F9-5F242B26DBFC}.Debug|Any CPU.Build.0 = Debug|Any CPU
		{E98D4373-C123-4F83-84F9-5F242B26DBFC}.Release|Any CPU.ActiveCfg = Release|Any CPU
		{E98D4373-C123-4F83-84F9-5F242B26DBFC}.Release|Any CPU.Build.0 = Release|Any CPU
		{3C6E444B-A1DB-462A-A347-652792EDF9D1}.Debug|Any CPU.ActiveCfg = Debug|Any CPU
		{3C6E444B-A1DB-462A-A347-652792EDF9D1}.Debug|Any CPU.Build.0 = Debug|Any CPU
		{3C6E444B-A1DB-462A-A347-652792EDF9D1}.Release|Any CPU.ActiveCfg = Release|Any CPU
		{3C6E444B-A1DB-462A-A347-652792EDF9D1}.Release|Any CPU.Build.0 = Release|Any CPU
		{DB152B55-DB19-4ACD-991D-CBA243F24835}.Debug|Any CPU.ActiveCfg = Debug|Any CPU
		{DB152B55-DB19-4ACD-991D-CBA243F24835}.Debug|Any CPU.Build.0 = Debug|Any CPU
		{DB152B55-DB19-4ACD-991D-CBA243F24835}.Release|Any CPU.ActiveCfg = Release|Any CPU
		{DB152B55-DB19-4ACD-991D-CBA243F24835}.Release|Any CPU.Build.0 = Release|Any CPU
		{80D8D26D-314C-42C4-A562-1C1886E85DF7}.Debug|Any CPU.ActiveCfg = Debug|Any CPU
		{80D8D26D-314C-42C4-A562-1C1886E85DF7}.Debug|Any CPU.Build.0 = Debug|Any CPU
		{80D8D26D-314C-42C4-A562-1C1886E85DF7}.Release|Any CPU.ActiveCfg = Release|Any CPU
		{80D8D26D-314C-42C4-A562-1C1886E85DF7}.Release|Any CPU.Build.0 = Release|Any CPU
	EndGlobalSection
	GlobalSection(SolutionProperties) = preSolution
		HideSolutionNode = FALSE
	EndGlobalSection
	GlobalSection(ExtensibilityGlobals) = postSolution
		SolutionGuid = {019C26C7-E35B-453A-AB8B-0EFF586A2EDD}
	EndGlobalSection
EndGlobal
